// !$*UTF8*$!
{
	archiveVersion = 1;
	classes = {
	};
	objectVersion = 50;
	objects = {

/* Begin PBXBuildFile section */
		FA64263E25ED1F1200368A3B /* AppDelegate.swift in Sources */ = {isa = PBXBuildFile; fileRef = FA64263D25ED1F1200368A3B /* AppDelegate.swift */; };
		FA64264025ED1F1200368A3B /* SceneDelegate.swift in Sources */ = {isa = PBXBuildFile; fileRef = FA64263F25ED1F1200368A3B /* SceneDelegate.swift */; };
		FA64264225ED1F1200368A3B /* LibraryViewController.swift in Sources */ = {isa = PBXBuildFile; fileRef = FA64264125ED1F1200368A3B /* LibraryViewController.swift */; };
		FA64264525ED1F1200368A3B /* Main.storyboard in Resources */ = {isa = PBXBuildFile; fileRef = FA64264325ED1F1200368A3B /* Main.storyboard */; };
		FA64264725ED1F1500368A3B /* Assets.xcassets in Resources */ = {isa = PBXBuildFile; fileRef = FA64264625ED1F1500368A3B /* Assets.xcassets */; };
		FA64264A25ED1F1500368A3B /* LaunchScreen.storyboard in Resources */ = {isa = PBXBuildFile; fileRef = FA64264825ED1F1500368A3B /* LaunchScreen.storyboard */; };
		FA64265225ED21D600368A3B /* Book.swift in Sources */ = {isa = PBXBuildFile; fileRef = FA64265125ED21D600368A3B /* Book.swift */; };
		FA64265425ED287200368A3B /* Library.swift in Sources */ = {isa = PBXBuildFile; fileRef = FA64265325ED287200368A3B /* Library.swift */; };
/* End PBXBuildFile section */

/* Begin PBXFileReference section */
		FA64263A25ED1F1200368A3B /* ReadMeApp.app */ = {isa = PBXFileReference; explicitFileType = wrapper.application; includeInIndex = 0; path = ReadMeApp.app; sourceTree = BUILT_PRODUCTS_DIR; };
		FA64263D25ED1F1200368A3B /* AppDelegate.swift */ = {isa = PBXFileReference; lastKnownFileType = sourcecode.swift; path = AppDelegate.swift; sourceTree = "<group>"; };
		FA64263F25ED1F1200368A3B /* SceneDelegate.swift */ = {isa = PBXFileReference; lastKnownFileType = sourcecode.swift; path = SceneDelegate.swift; sourceTree = "<group>"; };
		FA64264125ED1F1200368A3B /* LibraryViewController.swift */ = {isa = PBXFileReference; lastKnownFileType = sourcecode.swift; path = LibraryViewController.swift; sourceTree = "<group>"; };
		FA64264425ED1F1200368A3B /* Base */ = {isa = PBXFileReference; lastKnownFileType = file.storyboard; name = Base; path = Base.lproj/Main.storyboard; sourceTree = "<group>"; };
		FA64264625ED1F1500368A3B /* Assets.xcassets */ = {isa = PBXFileReference; lastKnownFileType = folder.assetcatalog; path = Assets.xcassets; sourceTree = "<group>"; };
		FA64264925ED1F1500368A3B /* Base */ = {isa = PBXFileReference; lastKnownFileType = file.storyboard; name = Base; path = Base.lproj/LaunchScreen.storyboard; sourceTree = "<group>"; };
		FA64264B25ED1F1500368A3B /* Info.plist */ = {isa = PBXFileReference; lastKnownFileType = text.plist.xml; path = Info.plist; sourceTree = "<group>"; };
		FA64265125ED21D600368A3B /* Book.swift */ = {isa = PBXFileReference; lastKnownFileType = sourcecode.swift; path = Book.swift; sourceTree = "<group>"; };
		FA64265325ED287200368A3B /* Library.swift */ = {isa = PBXFileReference; lastKnownFileType = sourcecode.swift; path = Library.swift; sourceTree = "<group>"; };
/* End PBXFileReference section */

/* Begin PBXFrameworksBuildPhase section */
		FA64263725ED1F1200368A3B /* Frameworks */ = {
			isa = PBXFrameworksBuildPhase;
			buildActionMask = 2147483647;
			files = (
			);
			runOnlyForDeploymentPostprocessing = 0;
		};
/* End PBXFrameworksBuildPhase section */

/* Begin PBXGroup section */
		FA64263125ED1F1200368A3B = {
			isa = PBXGroup;
			children = (
				FA64263C25ED1F1200368A3B /* ReadMeApp */,
				FA64263B25ED1F1200368A3B /* Products */,
			);
			sourceTree = "<group>";
		};
		FA64263B25ED1F1200368A3B /* Products */ = {
			isa = PBXGroup;
			children = (
				FA64263A25ED1F1200368A3B /* ReadMeApp.app */,
			);
			name = Products;
			sourceTree = "<group>";
		};
		FA64263C25ED1F1200368A3B /* ReadMeApp */ = {
			isa = PBXGroup;
			children = (
				FA64263D25ED1F1200368A3B /* AppDelegate.swift */,
				FA64263F25ED1F1200368A3B /* SceneDelegate.swift */,
				FA64264125ED1F1200368A3B /* LibraryViewController.swift */,
				FA64264325ED1F1200368A3B /* Main.storyboard */,
				FA64264625ED1F1500368A3B /* Assets.xcassets */,
				FA64264825ED1F1500368A3B /* LaunchScreen.storyboard */,
				FA64264B25ED1F1500368A3B /* Info.plist */,
				FA64265125ED21D600368A3B /* Book.swift */,
				FA64265325ED287200368A3B /* Library.swift */,
			);
			path = ReadMeApp;
			sourceTree = "<group>";
		};
/* End PBXGroup section */

/* Begin PBXNativeTarget section */
		FA64263925ED1F1200368A3B /* ReadMeApp */ = {
			isa = PBXNativeTarget;
			buildConfigurationList = FA64264E25ED1F1500368A3B /* Build configuration list for PBXNativeTarget "ReadMeApp" */;
			buildPhases = (
				FA64263625ED1F1200368A3B /* Sources */,
				FA64263725ED1F1200368A3B /* Frameworks */,
				FA64263825ED1F1200368A3B /* Resources */,
			);
			buildRules = (
			);
			dependencies = (
			);
			name = ReadMeApp;
			productName = ReadMeApp;
			productReference = FA64263A25ED1F1200368A3B /* ReadMeApp.app */;
			productType = "com.apple.product-type.application";
		};
/* End PBXNativeTarget section */

/* Begin PBXProject section */
		FA64263225ED1F1200368A3B /* Project object */ = {
			isa = PBXProject;
			attributes = {
				LastSwiftUpdateCheck = 1250;
				LastUpgradeCheck = 1250;
				TargetAttributes = {
					FA64263925ED1F1200368A3B = {
						CreatedOnToolsVersion = 12.5;
					};
				};
			};
			buildConfigurationList = FA64263525ED1F1200368A3B /* Build configuration list for PBXProject "ReadMeApp" */;
			compatibilityVersion = "Xcode 9.3";
			developmentRegion = en;
			hasScannedForEncodings = 0;
			knownRegions = (
				en,
				Base,
			);
			mainGroup = FA64263125ED1F1200368A3B;
			productRefGroup = FA64263B25ED1F1200368A3B /* Products */;
			projectDirPath = "";
			projectRoot = "";
			targets = (
				FA64263925ED1F1200368A3B /* ReadMeApp */,
			);
		};
/* End PBXProject section */

/* Begin PBXResourcesBuildPhase section */
		FA64263825ED1F1200368A3B /* Resources */ = {
			isa = PBXResourcesBuildPhase;
			buildActionMask = 2147483647;
			files = (
				FA64264A25ED1F1500368A3B /* LaunchScreen.storyboard in Resources */,
				FA64264725ED1F1500368A3B /* Assets.xcassets in Resources */,
				FA64264525ED1F1200368A3B /* Main.storyboard in Resources */,
			);
			runOnlyForDeploymentPostprocessing = 0;
		};
/* End PBXResourcesBuildPhase section */

/* Begin PBXSourcesBuildPhase section */
		FA64263625ED1F1200368A3B /* Sources */ = {
			isa = PBXSourcesBuildPhase;
			buildActionMask = 2147483647;
			files = (
				FA64265225ED21D600368A3B /* Book.swift in Sources */,
				FA64264225ED1F1200368A3B /* LibraryViewController.swift in Sources */,
				FA64265425ED287200368A3B /* Library.swift in Sources */,
				FA64263E25ED1F1200368A3B /* AppDelegate.swift in Sources */,
				FA64264025ED1F1200368A3B /* SceneDelegate.swift in Sources */,
			);
			runOnlyForDeploymentPostprocessing = 0;
		};
/* End PBXSourcesBuildPhase section */

/* Begin PBXVariantGroup section */
		FA64264325ED1F1200368A3B /* Main.storyboard */ = {
			isa = PBXVariantGroup;
			children = (
				FA64264425ED1F1200368A3B /* Base */,
			);
			name = Main.storyboard;
			sourceTree = "<group>";
		};
		FA64264825ED1F1500368A3B /* LaunchScreen.storyboard */ = {
			isa = PBXVariantGroup;
			children = (
				FA64264925ED1F1500368A3B /* Base */,
			);
			name = LaunchScreen.storyboard;
			sourceTree = "<group>";
		};
/* End PBXVariantGroup section */

/* Begin XCBuildConfiguration section */
		FA64264C25ED1F1500368A3B /* Debug */ = {
			isa = XCBuildConfiguration;
			buildSettings = {
				ALWAYS_SEARCH_USER_PATHS = NO;
				CLANG_ANALYZER_NONNULL = YES;
				CLANG_ANALYZER_NUMBER_OBJECT_CONVERSION = YES_AGGRESSIVE;
				CLANG_CXX_LANGUAGE_STANDARD = "gnu++14";
				CLANG_CXX_LIBRARY = "libc++";
				CLANG_ENABLE_MODULES = YES;
				CLANG_ENABLE_OBJC_ARC = YES;
				CLANG_ENABLE_OBJC_WEAK = YES;
				CLANG_WARN_BLOCK_CAPTURE_AUTORELEASING = YES;
				CLANG_WARN_BOOL_CONVERSION = YES;
				CLANG_WARN_COMMA = YES;
				CLANG_WARN_CONSTANT_CONVERSION = YES;
				CLANG_WARN_DEPRECATED_OBJC_IMPLEMENTATIONS = YES;
				CLANG_WARN_DIRECT_OBJC_ISA_USAGE = YES_ERROR;
				CLANG_WARN_DOCUMENTATION_COMMENTS = YES;
				CLANG_WARN_EMPTY_BODY = YES;
				CLANG_WARN_ENUM_CONVERSION = YES;
				CLANG_WARN_INFINITE_RECURSION = YES;
				CLANG_WARN_INT_CONVERSION = YES;
				CLANG_WARN_NON_LITERAL_NULL_CONVERSION = YES;
				CLANG_WARN_OBJC_IMPLICIT_RETAIN_SELF = YES;
				CLANG_WARN_OBJC_LITERAL_CONVERSION = YES;
				CLANG_WARN_OBJC_ROOT_CLASS = YES_ERROR;
				CLANG_WARN_QUOTED_INCLUDE_IN_FRAMEWORK_HEADER = YES;
				CLANG_WARN_RANGE_LOOP_ANALYSIS = YES;
				CLANG_WARN_STRICT_PROTOTYPES = YES;
				CLANG_WARN_SUSPICIOUS_MOVE = YES;
				CLANG_WARN_UNGUARDED_AVAILABILITY = YES_AGGRESSIVE;
				CLANG_WARN_UNREACHABLE_CODE = YES;
				CLANG_WARN__DUPLICATE_METHOD_MATCH = YES;
				COPY_PHASE_STRIP = NO;
				DEBUG_INFORMATION_FORMAT = dwarf;
				ENABLE_STRICT_OBJC_MSGSEND = YES;
				ENABLE_TESTABILITY = YES;
				GCC_C_LANGUAGE_STANDARD = gnu11;
				GCC_DYNAMIC_NO_PIC = NO;
				GCC_NO_COMMON_BLOCKS = YES;
				GCC_OPTIMIZATION_LEVEL = 0;
				GCC_PREPROCESSOR_DEFINITIONS = (
					"DEBUG=1",
					"$(inherited)",
				);
				GCC_WARN_64_TO_32_BIT_CONVERSION = YES;
				GCC_WARN_ABOUT_RETURN_TYPE = YES_ERROR;
				GCC_WARN_UNDECLARED_SELECTOR = YES;
				GCC_WARN_UNINITIALIZED_AUTOS = YES_AGGRESSIVE;
				GCC_WARN_UNUSED_FUNCTION = YES;
				GCC_WARN_UNUSED_VARIABLE = YES;
				IPHONEOS_DEPLOYMENT_TARGET = 14.5;
				MTL_ENABLE_DEBUG_INFO = INCLUDE_SOURCE;
				MTL_FAST_MATH = YES;
				ONLY_ACTIVE_ARCH = YES;
				SDKROOT = iphoneos;
				SWIFT_ACTIVE_COMPILATION_CONDITIONS = DEBUG;
				SWIFT_OPTIMIZATION_LEVEL = "-Onone";
			};
			name = Debug;
		};
		FA64264D25ED1F1500368A3B /* Release */ = {
			isa = XCBuildConfiguration;
			buildSettings = {
				ALWAYS_SEARCH_USER_PATHS = NO;
				CLANG_ANALYZER_NONNULL = YES;
				CLANG_ANALYZER_NUMBER_OBJECT_CONVERSION = YES_AGGRESSIVE;
				CLANG_CXX_LANGUAGE_STANDARD = "gnu++14";
				CLANG_CXX_LIBRARY = "libc++";
				CLANG_ENABLE_MODULES = YES;
				CLANG_ENABLE_OBJC_ARC = YES;
				CLANG_ENABLE_OBJC_WEAK = YES;
				CLANG_WARN_BLOCK_CAPTURE_AUTORELEASING = YES;
				CLANG_WARN_BOOL_CONVERSION = YES;
				CLANG_WARN_COMMA = YES;
				CLANG_WARN_CONSTANT_CONVERSION = YES;
				CLANG_WARN_DEPRECATED_OBJC_IMPLEMENTATIONS = YES;
				CLANG_WARN_DIRECT_OBJC_ISA_USAGE = YES_ERROR;
				CLANG_WARN_DOCUMENTATION_COMMENTS = YES;
				CLANG_WARN_EMPTY_BODY = YES;
				CLANG_WARN_ENUM_CONVERSION = YES;
				CLANG_WARN_INFINITE_RECURSION = YES;
				CLANG_WARN_INT_CONVERSION = YES;
				CLANG_WARN_NON_LITERAL_NULL_CONVERSION = YES;
				CLANG_WARN_OBJC_IMPLICIT_RETAIN_SELF = YES;
				CLANG_WARN_OBJC_LITERAL_CONVERSION = YES;
				CLANG_WARN_OBJC_ROOT_CLASS = YES_ERROR;
				CLANG_WARN_QUOTED_INCLUDE_IN_FRAMEWORK_HEADER = YES;
				CLANG_WARN_RANGE_LOOP_ANALYSIS = YES;
				CLANG_WARN_STRICT_PROTOTYPES = YES;
				CLANG_WARN_SUSPICIOUS_MOVE = YES;
				CLANG_WARN_UNGUARDED_AVAILABILITY = YES_AGGRESSIVE;
				CLANG_WARN_UNREACHABLE_CODE = YES;
				CLANG_WARN__DUPLICATE_METHOD_MATCH = YES;
				COPY_PHASE_STRIP = NO;
				DEBUG_INFORMATION_FORMAT = "dwarf-with-dsym";
				ENABLE_NS_ASSERTIONS = NO;
				ENABLE_STRICT_OBJC_MSGSEND = YES;
				GCC_C_LANGUAGE_STANDARD = gnu11;
				GCC_NO_COMMON_BLOCKS = YES;
				GCC_WARN_64_TO_32_BIT_CONVERSION = YES;
				GCC_WARN_ABOUT_RETURN_TYPE = YES_ERROR;
				GCC_WARN_UNDECLARED_SELECTOR = YES;
				GCC_WARN_UNINITIALIZED_AUTOS = YES_AGGRESSIVE;
				GCC_WARN_UNUSED_FUNCTION = YES;
				GCC_WARN_UNUSED_VARIABLE = YES;
				IPHONEOS_DEPLOYMENT_TARGET = 14.5;
				MTL_ENABLE_DEBUG_INFO = NO;
				MTL_FAST_MATH = YES;
				SDKROOT = iphoneos;
				SWIFT_COMPILATION_MODE = wholemodule;
				SWIFT_OPTIMIZATION_LEVEL = "-O";
				VALIDATE_PRODUCT = YES;
			};
			name = Release;
		};
		FA64264F25ED1F1500368A3B /* Debug */ = {
			isa = XCBuildConfiguration;
			buildSettings = {
				ASSETCATALOG_COMPILER_APPICON_NAME = AppIcon;
				ASSETCATALOG_COMPILER_GLOBAL_ACCENT_COLOR_NAME = AccentColor;
				CODE_SIGN_STYLE = Automatic;
				INFOPLIST_FILE = ReadMeApp/Info.plist;
				LD_RUNPATH_SEARCH_PATHS = (
					"$(inherited)",
					"@executable_path/Frameworks",
				);
				PRODUCT_BUNDLE_IDENTIFIER = tershouse.ReadMeApp;
				PRODUCT_NAME = "$(TARGET_NAME)";
				SWIFT_VERSION = 5.0;
				TARGETED_DEVICE_FAMILY = "1,2";
			};
			name = Debug;
		};
		FA64265025ED1F1500368A3B /* Release */ = {
			isa = XCBuildConfiguration;
			buildSettings = {
				ASSETCATALOG_COMPILER_APPICON_NAME = AppIcon;
				ASSETCATALOG_COMPILER_GLOBAL_ACCENT_COLOR_NAME = AccentColor;
				CODE_SIGN_STYLE = Automatic;
				INFOPLIST_FILE = ReadMeApp/Info.plist;
				LD_RUNPATH_SEARCH_PATHS = (
					"$(inherited)",
					"@executable_path/Frameworks",
				);
				PRODUCT_BUNDLE_IDENTIFIER = tershouse.ReadMeApp;
				PRODUCT_NAME = "$(TARGET_NAME)";
				SWIFT_VERSION = 5.0;
				TARGETED_DEVICE_FAMILY = "1,2";
			};
			name = Release;
		};
/* End XCBuildConfiguration section */

/* Begin XCConfigurationList section */
		FA64263525ED1F1200368A3B /* Build configuration list for PBXProject "ReadMeApp" */ = {
			isa = XCConfigurationList;
			buildConfigurations = (
				FA64264C25ED1F1500368A3B /* Debug */,
				FA64264D25ED1F1500368A3B /* Release */,
			);
			defaultConfigurationIsVisible = 0;
			defaultConfigurationName = Release;
		};
		FA64264E25ED1F1500368A3B /* Build configuration list for PBXNativeTarget "ReadMeApp" */ = {
			isa = XCConfigurationList;
			buildConfigurations = (
				FA64264F25ED1F1500368A3B /* Debug */,
				FA64265025ED1F1500368A3B /* Release */,
			);
			defaultConfigurationIsVisible = 0;
			defaultConfigurationName = Release;
		};
/* End XCConfigurationList section */
	};
	rootObject = FA64263225ED1F1200368A3B /* Project object */;
}
